lockfileVersion: '9.0'

settings:
  autoInstallPeers: true
  excludeLinksFromLockfile: false

importers:

  .:
    devDependencies:
      '@types/node':
        specifier: ^26.1.1
        version: 26.1.1
      node:
        specifier: runtime:24.14.0
        version: runtime:24.14.0

packages:

  '@types/node@26.1.1':
    resolution: {integrity: sha512-nxAkRSVkN1Y0JC1W8ky/fTfkGsMmcrRsbx+3XoZE+rMOX71kLYTV7fLXpqud1GpbpP5TuffXFqfX7fH2GgZREw==}

  node@runtime:24.14.0:
    resolution:
      type: variations
      variants:
        - resolution:
            archive: tarball
            bin:
              node: bin/node
            integrity: sha256-J6xI+Ux+iPSwxdkHfw/sECViicfcoh4Nn4LLqtE9bj0=
            type: binary
            url: https://nodejs.org/download/release/v24.14.0/node-v24.14.0-aix-ppc64.tar.gz
          targets:
            - cpu: ppc64
              os: aix
        - resolution:
            archive: tarball
            bin:
              node: bin/node
            integrity: sha256-oaVPRqdQ0lI9Yo2SSqthdYpRydrT4COL6xQUG+lhXdM=
            type: binary
            url: https://nodejs.org/download/release/v24.14.0/node-v24.14.0-darwin-arm64.tar.gz
          targets:
            - cpu: arm64
              os: darwin
        - resolution:
            archive: tarball
            bin:
              node: bin/node
            integrity: sha256-8oeeuBDiWZOgV45dh4kwJm/S6vz/6fKDmz2Ns1TUh54=
            type: binary
            url: https://nodejs.org/download/release/v24.14.0/node-v24.14.0-darwin-x64.tar.gz
          targets:
            - cpu: x64
              os: darwin
        - resolution:
            archive: tarball
            bin:
              node: bin/node
            integrity: sha256-9EdAzSGN6BJ/HETEFRCjp0D6XJyNHNzhw77a2nnzzec=
            type: binary
            url: https://nodejs.org/download/release/v24.14.0/node-v24.14.0-linux-arm64.tar.gz
          targets:
            - cpu: arm64
              os: linux
        - resolution:
            archive: tarball
            bin:
              node: bin/node
            integrity: sha256-g7Jj+cLqlGwMShXDyupkcNxJ/gvrbzPf0pqpEoJQY3o=
            type: binary
            url: https://nodejs.org/download/release/v24.14.0/node-v24.14.0-linux-ppc64le.tar.gz
          targets:
            - cpu: ppc64le
              os: linux
        - resolution:
            archive: tarball
            bin:
              node: bin/node
            integrity: sha256-j6Igofe3dpYFwukp/b9zaCKZe/TPiKPbBRiOq9dxIyg=
            type: binary
            url: https://nodejs.org/download/release/v24.14.0/node-v24.14.0-linux-s390x.tar.gz
          targets:
            - cpu: s390x
              os: linux
        - resolution:
            archive: tarball
            bin:
              node: bin/node
            integrity: sha256-2/W4Zl3sFeWeY1mlF/77R7I/25FS2N75dbm8o9/G01U=
            type: binary
            url: https://nodejs.org/download/release/v24.14.0/node-v24.14.0-linux-x64.tar.gz
          targets:
            - cpu: x64
              os: linux
        - resolution:
            archive: zip
            bin:
              node: node.exe
            integrity: sha256-iNNugQlzai+pvcWW8s9QejxSxpzfluVPis1HPsFL6FM=
            prefix: node-v24.14.0-win-arm64
            type: binary
            url: https://nodejs.org/download/release/v24.14.0/node-v24.14.0-win-arm64.zip
          targets:
            - cpu: arm64
              os: win32
        - resolution:
            archive: zip
            bin:
              node: node.exe
            integrity: sha256-MT+kDA17GFdYId6MsXSDAx/gfZXeWZT29DXzs0X4XGY=
            prefix: node-v24.14.0-win-x64
            type: binary
            url: https://nodejs.org/download/release/v24.14.0/node-v24.14.0-win-x64.zip
          targets:
            - cpu: x64
              os: win32
        - resolution:
            archive: tarball
            bin:
              node: bin/node
            integrity: sha256-j4HUe39ENFVwnUTq6GaVkd4uWLN9PCywrsZntub4JsE=
            type: binary
            url: https://unofficial-builds.nodejs.org/download/release/v24.14.0/node-v24.14.0-linux-arm64-musl.tar.gz
          targets:
            - cpu: arm64
              os: linux
              libc: musl
        - resolution:
            archive: tarball
            bin:
              node: bin/node
            integrity: sha256-uuDyMgRI1cdEvNSHgIG0gxlNiw8OqrKzfX+B33OcWpU=
            type: binary
            url: https://unofficial-builds.nodejs.org/download/release/v24.14.0/node-v24.14.0-linux-x64-musl.tar.gz
          targets:
            - cpu: x64
              os: linux
              libc: musl
    version: 24.14.0
    hasBin: true

  undici-types@8.3.0:
    resolution: {integrity: sha512-j375ScV60dom+YkPFIfTLcOiPxkN/buHz5GobjLhixFuANaNs3C9l4GmrWqejgXWJ7BbJcFYpTEUkS1Ge8bpZQ==}

snapshots:

  '@types/node@26.1.1':
    dependencies:
      undici-types: 8.3.0

  node@runtime:24.14.0: {}

  undici-types@8.3.0: {}
